
Microsoft Visual Studio Solution File, Format Version 12.00
# Visual Studio Version 16
VisualStudioVersion = 16.0.32407.337
MinimumVisualStudioVersion = 10.0.40219.1
Project("{888888A0-9F3D-457C-B088-3A5042F75D52}") = "Iplus", "Iplus\Iplus.pyproj", "{572C9F76-3475-4336-B767-6459A4D8BD81}"
EndProject
Global
	GlobalSection(SolutionConfigurationPlatforms) = preSolution
		Debug|Any CPU = Debug|Any CPU
		Release|Any CPU = Release|Any CPU
	EndGlobalSection
	GlobalSection(ProjectConfigurationPlatforms) = postSolution
		{572C9F76-3475-4336-B767-6459A4D8BD81}.Debug|Any CPU.ActiveCfg = Debug|Any CPU
		{572C9F76-3475-4336-B767-6459A4D8BD81}.Release|Any CPU.ActiveCfg = Release|Any CPU
	EndGlobalSection
	GlobalSection(SolutionProperties) = preSolution
		HideSolutionNode = FALSE
	EndGlobalSection
	GlobalSection(ExtensibilityGlobals) = postSolution
		SolutionGuid = {001E62BB-ED70-475A-8A29-D0AF8AFB05D5}
	EndGlobalSection
EndGlobal
